// !$*UTF8*$!
{
	archiveVersion = 1;
	classes = {
	};
	objectVersion = 50;
	objects = {

/* Begin PBXBuildFile section */
		63579FFA25C0BD2C006FDCD3 /* AppDelegate.swift in Sources */ = {isa = PBXBuildFile; fileRef = 63579FF925C0BD2C006FDCD3 /* AppDelegate.swift */; };
		63579FFC25C0BD2C006FDCD3 /* SceneDelegate.swift in Sources */ = {isa = PBXBuildFile; fileRef = 63579FFB25C0BD2C006FDCD3 /* SceneDelegate.swift */; };
		6357A00125C0BD2C006FDCD3 /* Main.storyboard in Resources */ = {isa = PBXBuildFile; fileRef = 63579FFF25C0BD2C006FDCD3 /* Main.storyboard */; };
		6357A00325C0BD2F006FDCD3 /* Assets.xcassets in Resources */ = {isa = PBXBuildFile; fileRef = 6357A00225C0BD2F006FDCD3 /* Assets.xcassets */; };
		6357A00625C0BD2F006FDCD3 /* LaunchScreen.storyboard in Resources */ = {isa = PBXBuildFile; fileRef = 6357A00425C0BD2F006FDCD3 /* LaunchScreen.storyboard */; };
		6357A01C25C0BD2F006FDCD3 /* GiphySearchAppUITests.swift in Sources */ = {isa = PBXBuildFile; fileRef = 6357A01B25C0BD2F006FDCD3 /* GiphySearchAppUITests.swift */; };
		6357A03325C0BEDF006FDCD3 /* GiphySearchCollectionViewController.swift in Sources */ = {isa = PBXBuildFile; fileRef = 6357A03225C0BEDF006FDCD3 /* GiphySearchCollectionViewController.swift */; };
		6357A03825C0C3A9006FDCD3 /* GiphySearchCollectionCell.swift in Sources */ = {isa = PBXBuildFile; fileRef = 6357A03725C0C3A9006FDCD3 /* GiphySearchCollectionCell.swift */; };
		6357A03E25C0D413006FDCD3 /* ModuleFactory.swift in Sources */ = {isa = PBXBuildFile; fileRef = 6357A03D25C0D413006FDCD3 /* ModuleFactory.swift */; };
		6357A04925C0D4C0006FDCD3 /* GiphySearchListPresenter.swift in Sources */ = {isa = PBXBuildFile; fileRef = 6357A04825C0D4C0006FDCD3 /* GiphySearchListPresenter.swift */; };
		6357A05425C0D5F2006FDCD3 /* FlowFactory.swift in Sources */ = {isa = PBXBuildFile; fileRef = 6357A05325C0D5F2006FDCD3 /* FlowFactory.swift */; };
		6357A05A25C0D694006FDCD3 /* FlowGiphySearch.swift in Sources */ = {isa = PBXBuildFile; fileRef = 6357A05925C0D694006FDCD3 /* FlowGiphySearch.swift */; };
		6357A07625C0E601006FDCD3 /* Request.swift in Sources */ = {isa = PBXBuildFile; fileRef = 6357A07525C0E600006FDCD3 /* Request.swift */; };
		6357A07B25C0E83E006FDCD3 /* Parser.swift in Sources */ = {isa = PBXBuildFile; fileRef = 6357A07A25C0E83E006FDCD3 /* Parser.swift */; };
		6357A08025C0E89E006FDCD3 /* JsonParser.swift in Sources */ = {isa = PBXBuildFile; fileRef = 6357A07F25C0E89E006FDCD3 /* JsonParser.swift */; };
		6357A08525C0E992006FDCD3 /* ImageParser.swift in Sources */ = {isa = PBXBuildFile; fileRef = 6357A08425C0E992006FDCD3 /* ImageParser.swift */; };
		6357A08A25C0EA79006FDCD3 /* NetworkService.swift in Sources */ = {isa = PBXBuildFile; fileRef = 6357A08925C0EA79006FDCD3 /* NetworkService.swift */; };
		6357A0A225C0F28A006FDCD3 /* GiphySearchRequest.swift in Sources */ = {isa = PBXBuildFile; fileRef = 6357A0A125C0F28A006FDCD3 /* GiphySearchRequest.swift */; };
		6357A0A725C0F712006FDCD3 /* GiphyAPIClient.swift in Sources */ = {isa = PBXBuildFile; fileRef = 6357A0A625C0F712006FDCD3 /* GiphyAPIClient.swift */; };
		6357A0B025C0FBD9006FDCD3 /* GiphyResponse.swift in Sources */ = {isa = PBXBuildFile; fileRef = 6357A0AF25C0FBD9006FDCD3 /* GiphyResponse.swift */; };
		6357A0B525C0FC18006FDCD3 /* GiphyData.swift in Sources */ = {isa = PBXBuildFile; fileRef = 6357A0B425C0FC18006FDCD3 /* GiphyData.swift */; };
		6357A0BD25C0FCEB006FDCD3 /* GiphyGiphyOriginalStill.swift in Sources */ = {isa = PBXBuildFile; fileRef = 6357A0BC25C0FCEB006FDCD3 /* GiphyGiphyOriginalStill.swift */; };
		6357A0C625C170A0006FDCD3 /* GiphyImages.swift in Sources */ = {isa = PBXBuildFile; fileRef = 6357A0C525C170A0006FDCD3 /* GiphyImages.swift */; };
		6357A0DD25C18E53006FDCD3 /* GiphyImageRequest.swift in Sources */ = {isa = PBXBuildFile; fileRef = 6357A0DC25C18E53006FDCD3 /* GiphyImageRequest.swift */; };
		6357A0E625C1ACCF006FDCD3 /* GiphyDetailViewController.swift in Sources */ = {isa = PBXBuildFile; fileRef = 6357A0E525C1ACCF006FDCD3 /* GiphyDetailViewController.swift */; };
		6357A0F025C1ACF8006FDCD3 /* GiphyDetailPresenter.swift in Sources */ = {isa = PBXBuildFile; fileRef = 6357A0EF25C1ACF8006FDCD3 /* GiphyDetailPresenter.swift */; };
		6357A0FC25C1B3CF006FDCD3 /* GiphyDetail.swift in Sources */ = {isa = PBXBuildFile; fileRef = 6357A0FB25C1B3CF006FDCD3 /* GiphyDetail.swift */; };
		6357A11225C1C1D5006FDCD3 /* GiphySearchListPresenterTests.swift in Sources */ = {isa = PBXBuildFile; fileRef = 6357A11125C1C1D5006FDCD3 /* GiphySearchListPresenterTests.swift */; };
		6357A11B25C1CB34006FDCD3 /* GiphySearchListViewControllerTests.swift in Sources */ = {isa = PBXBuildFile; fileRef = 6357A11A25C1CB34006FDCD3 /* GiphySearchListViewControllerTests.swift */; };
		6357A12025C1CB57006FDCD3 /* GiphySearchListViewControllerMock.swift in Sources */ = {isa = PBXBuildFile; fileRef = 6357A11F25C1CB57006FDCD3 /* GiphySearchListViewControllerMock.swift */; };
		6357A12525C1CB83006FDCD3 /* GiphyAPIClientMock.swift in Sources */ = {isa = PBXBuildFile; fileRef = 6357A12425C1CB83006FDCD3 /* GiphyAPIClientMock.swift */; };
		6357A12A25C1CBB8006FDCD3 /* GiphyMock.swift in Sources */ = {isa = PBXBuildFile; fileRef = 6357A12925C1CBB8006FDCD3 /* GiphyMock.swift */; };
		6357A13625C1D0DB006FDCD3 /* GiphyDetailPresenterTests.swift in Sources */ = {isa = PBXBuildFile; fileRef = 6357A13525C1D0DB006FDCD3 /* GiphyDetailPresenterTests.swift */; };
		6357A13E25C1D170006FDCD3 /* GiphyDetailMock.swift in Sources */ = {isa = PBXBuildFile; fileRef = 6357A13D25C1D170006FDCD3 /* GiphyDetailMock.swift */; };
		6357A14325C1D2AE006FDCD3 /* GiphyDetailViewControllerTests.swift in Sources */ = {isa = PBXBuildFile; fileRef = 6357A14225C1D2AE006FDCD3 /* GiphyDetailViewControllerTests.swift */; };
		6357A14825C1D2D4006FDCD3 /* GiphyDetailViewControllerMock.swift in Sources */ = {isa = PBXBuildFile; fileRef = 6357A14725C1D2D3006FDCD3 /* GiphyDetailViewControllerMock.swift */; };
		6357A14D25C1D39C006FDCD3 /* GiphySearchListPresenterMock.swift in Sources */ = {isa = PBXBuildFile; fileRef = 6357A14C25C1D39C006FDCD3 /* GiphySearchListPresenterMock.swift */; };
		6357A15225C1D5D4006FDCD3 /* ModuleFactoryTests.swift in Sources */ = {isa = PBXBuildFile; fileRef = 6357A15125C1D5D4006FDCD3 /* ModuleFactoryTests.swift */; };
		6357A15E25C1D6F5006FDCD3 /* FlowFactoryTests.swift in Sources */ = {isa = PBXBuildFile; fileRef = 6357A15D25C1D6F5006FDCD3 /* FlowFactoryTests.swift */; };
		6357A16325C1D766006FDCD3 /* FlowGiphySearchTests.swift in Sources */ = {isa = PBXBuildFile; fileRef = 6357A16225C1D766006FDCD3 /* FlowGiphySearchTests.swift */; };
		6357A16925C1D9F0006FDCD3 /* JsonParserTests.swift in Sources */ = {isa = PBXBuildFile; fileRef = 6357A16825C1D9F0006FDCD3 /* JsonParserTests.swift */; };
		6357A17B25C1DC19006FDCD3 /* ImageParserTests.swift in Sources */ = {isa = PBXBuildFile; fileRef = 6357A17A25C1DC19006FDCD3 /* ImageParserTests.swift */; };
/* End PBXBuildFile section */

/* Begin PBXContainerItemProxy section */
		6357A00D25C0BD2F006FDCD3 /* PBXContainerItemProxy */ = {
			isa = PBXContainerItemProxy;
			containerPortal = 63579FEE25C0BD2C006FDCD3 /* Project object */;
			proxyType = 1;
			remoteGlobalIDString = 63579FF525C0BD2C006FDCD3;
			remoteInfo = GiphySearchApp;
		};
		6357A01825C0BD2F006FDCD3 /* PBXContainerItemProxy */ = {
			isa = PBXContainerItemProxy;
			containerPortal = 63579FEE25C0BD2C006FDCD3 /* Project object */;
			proxyType = 1;
			remoteGlobalIDString = 63579FF525C0BD2C006FDCD3;
			remoteInfo = GiphySearchApp;
		};
/* End PBXContainerItemProxy section */

/* Begin PBXFileReference section */
		63579FF625C0BD2C006FDCD3 /* GiphySearchApp.app */ = {isa = PBXFileReference; explicitFileType = wrapper.application; includeInIndex = 0; path = GiphySearchApp.app; sourceTree = BUILT_PRODUCTS_DIR; };
		63579FF925C0BD2C006FDCD3 /* AppDelegate.swift */ = {isa = PBXFileReference; lastKnownFileType = sourcecode.swift; path = AppDelegate.swift; sourceTree = "<group>"; };
		63579FFB25C0BD2C006FDCD3 /* SceneDelegate.swift */ = {isa = PBXFileReference; lastKnownFileType = sourcecode.swift; path = SceneDelegate.swift; sourceTree = "<group>"; };
		6357A00025C0BD2C006FDCD3 /* Base */ = {isa = PBXFileReference; lastKnownFileType = file.storyboard; name = Base; path = Base.lproj/Main.storyboard; sourceTree = "<group>"; };
		6357A00225C0BD2F006FDCD3 /* Assets.xcassets */ = {isa = PBXFileReference; lastKnownFileType = folder.assetcatalog; path = Assets.xcassets; sourceTree = "<group>"; };
		6357A00525C0BD2F006FDCD3 /* Base */ = {isa = PBXFileReference; lastKnownFileType = file.storyboard; name = Base; path = Base.lproj/LaunchScreen.storyboard; sourceTree = "<group>"; };
		6357A00725C0BD2F006FDCD3 /* Info.plist */ = {isa = PBXFileReference; lastKnownFileType = text.plist.xml; path = Info.plist; sourceTree = "<group>"; };
		6357A00C25C0BD2F006FDCD3 /* GiphySearchAppTests.xctest */ = {isa = PBXFileReference; explicitFileType = wrapper.cfbundle; includeInIndex = 0; path = GiphySearchAppTests.xctest; sourceTree = BUILT_PRODUCTS_DIR; };
		6357A01225C0BD2F006FDCD3 /* Info.plist */ = {isa = PBXFileReference; lastKnownFileType = text.plist.xml; path = Info.plist; sourceTree = "<group>"; };
		6357A01725C0BD2F006FDCD3 /* GiphySearchAppUITests.xctest */ = {isa = PBXFileReference; explicitFileType = wrapper.cfbundle; includeInIndex = 0; path = GiphySearchAppUITests.xctest; sourceTree = BUILT_PRODUCTS_DIR; };
		6357A01B25C0BD2F006FDCD3 /* GiphySearchAppUITests.swift */ = {isa = PBXFileReference; lastKnownFileType = sourcecode.swift; path = GiphySearchAppUITests.swift; sourceTree = "<group>"; };
		6357A01D25C0BD2F006FDCD3 /* Info.plist */ = {isa = PBXFileReference; lastKnownFileType = text.plist.xml; path = Info.plist; sourceTree = "<group>"; };
		6357A03225C0BEDF006FDCD3 /* GiphySearchCollectionViewController.swift */ = {isa = PBXFileReference; lastKnownFileType = sourcecode.swift; path = GiphySearchCollectionViewController.swift; sourceTree = "<group>"; };
		6357A03725C0C3A9006FDCD3 /* GiphySearchCollectionCell.swift */ = {isa = PBXFileReference; lastKnownFileType = sourcecode.swift; path = GiphySearchCollectionCell.swift; sourceTree = "<group>"; };
		6357A03D25C0D413006FDCD3 /* ModuleFactory.swift */ = {isa = PBXFileReference; lastKnownFileType = sourcecode.swift; path = ModuleFactory.swift; sourceTree = "<group>"; };
		6357A04825C0D4C0006FDCD3 /* GiphySearchListPresenter.swift */ = {isa = PBXFileReference; lastKnownFileType = sourcecode.swift; path = GiphySearchListPresenter.swift; sourceTree = "<group>"; };
		6357A05325C0D5F2006FDCD3 /* FlowFactory.swift */ = {isa = PBXFileReference; lastKnownFileType = sourcecode.swift; path = FlowFactory.swift; sourceTree = "<group>"; };
		6357A05925C0D694006FDCD3 /* FlowGiphySearch.swift */ = {isa = PBXFileReference; lastKnownFileType = sourcecode.swift; path = FlowGiphySearch.swift; sourceTree = "<group>"; };
		6357A07525C0E600006FDCD3 /* Request.swift */ = {isa = PBXFileReference; lastKnownFileType = sourcecode.swift; path = Request.swift; sourceTree = "<group>"; };
		6357A07A25C0E83E006FDCD3 /* Parser.swift */ = {isa = PBXFileReference; lastKnownFileType = sourcecode.swift; path = Parser.swift; sourceTree = "<group>"; };
		6357A07F25C0E89E006FDCD3 /* JsonParser.swift */ = {isa = PBXFileReference; lastKnownFileType = sourcecode.swift; path = JsonParser.swift; sourceTree = "<group>"; };
		6357A08425C0E992006FDCD3 /* ImageParser.swift */ = {isa = PBXFileReference; lastKnownFileType = sourcecode.swift; path = ImageParser.swift; sourceTree = "<group>"; };
		6357A08925C0EA79006FDCD3 /* NetworkService.swift */ = {isa = PBXFileReference; lastKnownFileType = sourcecode.swift; path = NetworkService.swift; sourceTree = "<group>"; };
		6357A0A125C0F28A006FDCD3 /* GiphySearchRequest.swift */ = {isa = PBXFileReference; lastKnownFileType = sourcecode.swift; path = GiphySearchRequest.swift; sourceTree = "<group>"; };
		6357A0A625C0F712006FDCD3 /* GiphyAPIClient.swift */ = {isa = PBXFileReference; lastKnownFileType = sourcecode.swift; path = GiphyAPIClient.swift; sourceTree = "<group>"; };
		6357A0AF25C0FBD9006FDCD3 /* GiphyResponse.swift */ = {isa = PBXFileReference; lastKnownFileType = sourcecode.swift; path = GiphyResponse.swift; sourceTree = "<group>"; };
		6357A0B425C0FC18006FDCD3 /* GiphyData.swift */ = {isa = PBXFileReference; lastKnownFileType = sourcecode.swift; path = GiphyData.swift; sourceTree = "<group>"; };
		6357A0BC25C0FCEB006FDCD3 /* GiphyGiphyOriginalStill.swift */ = {isa = PBXFileReference; lastKnownFileType = sourcecode.swift; path = GiphyGiphyOriginalStill.swift; sourceTree = "<group>"; };
		6357A0C525C170A0006FDCD3 /* GiphyImages.swift */ = {isa = PBXFileReference; lastKnownFileType = sourcecode.swift; path = GiphyImages.swift; sourceTree = "<group>"; };
		6357A0DC25C18E53006FDCD3 /* GiphyImageRequest.swift */ = {isa = PBXFileReference; lastKnownFileType = sourcecode.swift; path = GiphyImageRequest.swift; sourceTree = "<group>"; };
		6357A0E525C1ACCF006FDCD3 /* GiphyDetailViewController.swift */ = {isa = PBXFileReference; lastKnownFileType = sourcecode.swift; path = GiphyDetailViewController.swift; sourceTree = "<group>"; };
		6357A0EF25C1ACF8006FDCD3 /* GiphyDetailPresenter.swift */ = {isa = PBXFileReference; lastKnownFileType = sourcecode.swift; path = GiphyDetailPresenter.swift; sourceTree = "<group>"; };
		6357A0FB25C1B3CF006FDCD3 /* GiphyDetail.swift */ = {isa = PBXFileReference; lastKnownFileType = sourcecode.swift; path = GiphyDetail.swift; sourceTree = "<group>"; };
		6357A11125C1C1D5006FDCD3 /* GiphySearchListPresenterTests.swift */ = {isa = PBXFileReference; lastKnownFileType = sourcecode.swift; path = GiphySearchListPresenterTests.swift; sourceTree = "<group>"; };
		6357A11A25C1CB34006FDCD3 /* GiphySearchListViewControllerTests.swift */ = {isa = PBXFileReference; lastKnownFileType = sourcecode.swift; path = GiphySearchListViewControllerTests.swift; sourceTree = "<group>"; };
		6357A11F25C1CB57006FDCD3 /* GiphySearchListViewControllerMock.swift */ = {isa = PBXFileReference; lastKnownFileType = sourcecode.swift; path = GiphySearchListViewControllerMock.swift; sourceTree = "<group>"; };
		6357A12425C1CB83006FDCD3 /* GiphyAPIClientMock.swift */ = {isa = PBXFileReference; lastKnownFileType = sourcecode.swift; path = GiphyAPIClientMock.swift; sourceTree = "<group>"; };
		6357A12925C1CBB8006FDCD3 /* GiphyMock.swift */ = {isa = PBXFileReference; lastKnownFileType = sourcecode.swift; path = GiphyMock.swift; sourceTree = "<group>"; };
		6357A13525C1D0DB006FDCD3 /* GiphyDetailPresenterTests.swift */ = {isa = PBXFileReference; lastKnownFileType = sourcecode.swift; path = GiphyDetailPresenterTests.swift; sourceTree = "<group>"; };
		6357A13D25C1D170006FDCD3 /* GiphyDetailMock.swift */ = {isa = PBXFileReference; lastKnownFileType = sourcecode.swift; path = GiphyDetailMock.swift; sourceTree = "<group>"; };
		6357A14225C1D2AE006FDCD3 /* GiphyDetailViewControllerTests.swift */ = {isa = PBXFileReference; lastKnownFileType = sourcecode.swift; path = GiphyDetailViewControllerTests.swift; sourceTree = "<group>"; };
		6357A14725C1D2D3006FDCD3 /* GiphyDetailViewControllerMock.swift */ = {isa = PBXFileReference; lastKnownFileType = sourcecode.swift; path = GiphyDetailViewControllerMock.swift; sourceTree = "<group>"; };
		6357A14C25C1D39C006FDCD3 /* GiphySearchListPresenterMock.swift */ = {isa = PBXFileReference; lastKnownFileType = sourcecode.swift; path = GiphySearchListPresenterMock.swift; sourceTree = "<group>"; };
		6357A15125C1D5D4006FDCD3 /* ModuleFactoryTests.swift */ = {isa = PBXFileReference; lastKnownFileType = sourcecode.swift; path = ModuleFactoryTests.swift; sourceTree = "<group>"; };
		6357A15D25C1D6F5006FDCD3 /* FlowFactoryTests.swift */ = {isa = PBXFileReference; lastKnownFileType = sourcecode.swift; path = FlowFactoryTests.swift; sourceTree = "<group>"; };
		6357A16225C1D766006FDCD3 /* FlowGiphySearchTests.swift */ = {isa = PBXFileReference; lastKnownFileType = sourcecode.swift; path = FlowGiphySearchTests.swift; sourceTree = "<group>"; };
		6357A16825C1D9F0006FDCD3 /* JsonParserTests.swift */ = {isa = PBXFileReference; lastKnownFileType = sourcecode.swift; path = JsonParserTests.swift; sourceTree = "<group>"; };
		6357A17A25C1DC19006FDCD3 /* ImageParserTests.swift */ = {isa = PBXFileReference; lastKnownFileType = sourcecode.swift; path = ImageParserTests.swift; sourceTree = "<group>"; };
/* End PBXFileReference section */

/* Begin PBXFrameworksBuildPhase section */
		63579FF325C0BD2C006FDCD3 /* Frameworks */ = {
			isa = PBXFrameworksBuildPhase;
			buildActionMask = 2147483647;
			files = (
			);
			runOnlyForDeploymentPostprocessing = 0;
		};
		6357A00925C0BD2F006FDCD3 /* Frameworks */ = {
			isa = PBXFrameworksBuildPhase;
			buildActionMask = 2147483647;
			files = (
			);
			runOnlyForDeploymentPostprocessing = 0;
		};
		6357A01425C0BD2F006FDCD3 /* Frameworks */ = {
			isa = PBXFrameworksBuildPhase;
			buildActionMask = 2147483647;
			files = (
			);
			runOnlyForDeploymentPostprocessing = 0;
		};
/* End PBXFrameworksBuildPhase section */

/* Begin PBXGroup section */
		63579FED25C0BD2C006FDCD3 = {
			isa = PBXGroup;
			children = (
				63579FF825C0BD2C006FDCD3 /* GiphySearchApp */,
				6357A00F25C0BD2F006FDCD3 /* GiphySearchAppTests */,
				6357A01A25C0BD2F006FDCD3 /* GiphySearchAppUITests */,
				63579FF725C0BD2C006FDCD3 /* Products */,
			);
			sourceTree = "<group>";
		};
		63579FF725C0BD2C006FDCD3 /* Products */ = {
			isa = PBXGroup;
			children = (
				63579FF625C0BD2C006FDCD3 /* GiphySearchApp.app */,
				6357A00C25C0BD2F006FDCD3 /* GiphySearchAppTests.xctest */,
				6357A01725C0BD2F006FDCD3 /* GiphySearchAppUITests.xctest */,
			);
			name = Products;
			sourceTree = "<group>";
		};
		63579FF825C0BD2C006FDCD3 /* GiphySearchApp */ = {
			isa = PBXGroup;
			children = (
				6357A05F25C0D81E006FDCD3 /* App */,
				6357A05825C0D66F006FDCD3 /* Flows */,
				6357A03C25C0D3F9006FDCD3 /* Modules */,
				6357A07225C0E25D006FDCD3 /* Service */,
				6357A00725C0BD2F006FDCD3 /* Info.plist */,
				6357A00225C0BD2F006FDCD3 /* Assets.xcassets */,
				63579FFF25C0BD2C006FDCD3 /* Main.storyboard */,
				6357A00425C0BD2F006FDCD3 /* LaunchScreen.storyboard */,
			);
			path = GiphySearchApp;
			sourceTree = "<group>";
		};
		6357A00F25C0BD2F006FDCD3 /* GiphySearchAppTests */ = {
			isa = PBXGroup;
			children = (
				6357A11625C1C2D6006FDCD3 /* Mocks */,
				6357A15925C1D5DE006FDCD3 /* Flows */,
				6357A10F25C1C1A2006FDCD3 /* Modules */,
				6357A16725C1D9BA006FDCD3 /* Parsers */,
				6357A17025C1DA93006FDCD3 /* resource */,
				6357A01225C0BD2F006FDCD3 /* Info.plist */,
			);
			path = GiphySearchAppTests;
			sourceTree = "<group>";
		};
		6357A01A25C0BD2F006FDCD3 /* GiphySearchAppUITests */ = {
			isa = PBXGroup;
			children = (
				6357A01B25C0BD2F006FDCD3 /* GiphySearchAppUITests.swift */,
				6357A01D25C0BD2F006FDCD3 /* Info.plist */,
			);
			path = GiphySearchAppUITests;
			sourceTree = "<group>";
		};
		6357A03C25C0D3F9006FDCD3 /* Modules */ = {
			isa = PBXGroup;
			children = (
				6357A03D25C0D413006FDCD3 /* ModuleFactory.swift */,
				6357A0E425C1ACA7006FDCD3 /* GiphyDetail */,
				6357A04525C0D44B006FDCD3 /* GiphySearchList */,
			);
			path = Modules;
			sourceTree = "<group>";
		};
		6357A04525C0D44B006FDCD3 /* GiphySearchList */ = {
			isa = PBXGroup;
			children = (
				6357A04725C0D4A8006FDCD3 /* Presenter */,
				6357A04625C0D45A006FDCD3 /* Views */,
			);
			path = GiphySearchList;
			sourceTree = "<group>";
		};
		6357A04625C0D45A006FDCD3 /* Views */ = {
			isa = PBXGroup;
			children = (
				6357A03225C0BEDF006FDCD3 /* GiphySearchCollectionViewController.swift */,
				6357A03725C0C3A9006FDCD3 /* GiphySearchCollectionCell.swift */,
			);
			path = Views;
			sourceTree = "<group>";
		};
		6357A04725C0D4A8006FDCD3 /* Presenter */ = {
			isa = PBXGroup;
			children = (
				6357A04825C0D4C0006FDCD3 /* GiphySearchListPresenter.swift */,
			);
			path = Presenter;
			sourceTree = "<group>";
		};
		6357A05825C0D66F006FDCD3 /* Flows */ = {
			isa = PBXGroup;
			children = (
				6357A05325C0D5F2006FDCD3 /* FlowFactory.swift */,
				6357A05925C0D694006FDCD3 /* FlowGiphySearch.swift */,
			);
			path = Flows;
			sourceTree = "<group>";
		};
		6357A05F25C0D81E006FDCD3 /* App */ = {
			isa = PBXGroup;
			children = (
				63579FFB25C0BD2C006FDCD3 /* SceneDelegate.swift */,
				63579FF925C0BD2C006FDCD3 /* AppDelegate.swift */,
			);
			path = App;
			sourceTree = "<group>";
		};
		6357A07225C0E25D006FDCD3 /* Service */ = {
			isa = PBXGroup;
			children = (
				6357A0AE25C0FB3F006FDCD3 /* Dto */,
				6357A07425C0E27F006FDCD3 /* Parsers */,
				6357A07325C0E266006FDCD3 /* Network */,
			);
			path = Service;
			sourceTree = "<group>";
		};
		6357A07325C0E266006FDCD3 /* Network */ = {
			isa = PBXGroup;
			children = (
				6357A0A625C0F712006FDCD3 /* GiphyAPIClient.swift */,
				6357A0C125C0FEA7006FDCD3 /* Network */,
				6357A09725C0EBD8006FDCD3 /* Requests */,
			);
			path = Network;
			sourceTree = "<group>";
		};
		6357A07425C0E27F006FDCD3 /* Parsers */ = {
			isa = PBXGroup;
			children = (
				6357A07A25C0E83E006FDCD3 /* Parser.swift */,
				6357A07F25C0E89E006FDCD3 /* JsonParser.swift */,
				6357A08425C0E992006FDCD3 /* ImageParser.swift */,
			);
			path = Parsers;
			sourceTree = "<group>";
		};
		6357A09725C0EBD8006FDCD3 /* Requests */ = {
			isa = PBXGroup;
			children = (
				6357A07525C0E600006FDCD3 /* Request.swift */,
				6357A0A125C0F28A006FDCD3 /* GiphySearchRequest.swift */,
				6357A0DC25C18E53006FDCD3 /* GiphyImageRequest.swift */,
			);
			path = Requests;
			sourceTree = "<group>";
		};
		6357A0AE25C0FB3F006FDCD3 /* Dto */ = {
			isa = PBXGroup;
			children = (
				6357A0AF25C0FBD9006FDCD3 /* GiphyResponse.swift */,
				6357A0B425C0FC18006FDCD3 /* GiphyData.swift */,
				6357A0C525C170A0006FDCD3 /* GiphyImages.swift */,
				6357A0BC25C0FCEB006FDCD3 /* GiphyGiphyOriginalStill.swift */,
			);
			path = Dto;
			sourceTree = "<group>";
		};
		6357A0C125C0FEA7006FDCD3 /* Network */ = {
			isa = PBXGroup;
			children = (
				6357A08925C0EA79006FDCD3 /* NetworkService.swift */,
			);
			path = Network;
			sourceTree = "<group>";
		};
		6357A0E425C1ACA7006FDCD3 /* GiphyDetail */ = {
			isa = PBXGroup;
			children = (
				6357A0FA25C1B3C3006FDCD3 /* Models */,
				6357A0EE25C1ACDD006FDCD3 /* Presenter */,
				6357A0ED25C1ACD6006FDCD3 /* Views */,
			);
			path = GiphyDetail;
			sourceTree = "<group>";
		};
		6357A0ED25C1ACD6006FDCD3 /* Views */ = {
			isa = PBXGroup;
			children = (
				6357A0E525C1ACCF006FDCD3 /* GiphyDetailViewController.swift */,
			);
			path = Views;
			sourceTree = "<group>";
		};
		6357A0EE25C1ACDD006FDCD3 /* Presenter */ = {
			isa = PBXGroup;
			children = (
				6357A0EF25C1ACF8006FDCD3 /* GiphyDetailPresenter.swift */,
			);
			path = Presenter;
			sourceTree = "<group>";
		};
		6357A0FA25C1B3C3006FDCD3 /* Models */ = {
			isa = PBXGroup;
			children = (
				6357A0FB25C1B3CF006FDCD3 /* GiphyDetail.swift */,
			);
			path = Models;
			sourceTree = "<group>";
		};
		6357A10F25C1C1A2006FDCD3 /* Modules */ = {
			isa = PBXGroup;
			children = (
				6357A15125C1D5D4006FDCD3 /* ModuleFactoryTests.swift */,
				6357A11025C1C1AA006FDCD3 /* GiphySearchList */,
				6357A13425C1D0A5006FDCD3 /* GiphyDetail */,
			);
			path = Modules;
			sourceTree = "<group>";
		};
		6357A11025C1C1AA006FDCD3 /* GiphySearchList */ = {
			isa = PBXGroup;
			children = (
				6357A11125C1C1D5006FDCD3 /* GiphySearchListPresenterTests.swift */,
				6357A11A25C1CB34006FDCD3 /* GiphySearchListViewControllerTests.swift */,
			);
			path = GiphySearchList;
			sourceTree = "<group>";
		};
		6357A11625C1C2D6006FDCD3 /* Mocks */ = {
			isa = PBXGroup;
			children = (
				6357A11F25C1CB57006FDCD3 /* GiphySearchListViewControllerMock.swift */,
				6357A12425C1CB83006FDCD3 /* GiphyAPIClientMock.swift */,
				6357A12925C1CBB8006FDCD3 /* GiphyMock.swift */,
				6357A13D25C1D170006FDCD3 /* GiphyDetailMock.swift */,
				6357A14725C1D2D3006FDCD3 /* GiphyDetailViewControllerMock.swift */,
				6357A14C25C1D39C006FDCD3 /* GiphySearchListPresenterMock.swift */,
			);
			path = Mocks;
			sourceTree = "<group>";
		};
		6357A13425C1D0A5006FDCD3 /* GiphyDetail */ = {
			isa = PBXGroup;
			children = (
				6357A13525C1D0DB006FDCD3 /* GiphyDetailPresenterTests.swift */,
				6357A14225C1D2AE006FDCD3 /* GiphyDetailViewControllerTests.swift */,
			);
			path = GiphyDetail;
			sourceTree = "<group>";
		};
		6357A15925C1D5DE006FDCD3 /* Flows */ = {
			isa = PBXGroup;
			children = (
				6357A15D25C1D6F5006FDCD3 /* FlowFactoryTests.swift */,
				6357A16225C1D766006FDCD3 /* FlowGiphySearchTests.swift */,
			);
			path = Flows;
			sourceTree = "<group>";
		};
		6357A16725C1D9BA006FDCD3 /* Parsers */ = {
			isa = PBXGroup;
			children = (
				6357A16825C1D9F0006FDCD3 /* JsonParserTests.swift */,
				6357A17A25C1DC19006FDCD3 /* ImageParserTests.swift */,
			);
			path = Parsers;
			sourceTree = "<group>";
		};
		6357A17025C1DA93006FDCD3 /* resource */ = {
			isa = PBXGroup;
			children = (
			);
			path = resource;
			sourceTree = "<group>";
		};
/* End PBXGroup section */

/* Begin PBXNativeTarget section */
		63579FF525C0BD2C006FDCD3 /* GiphySearchApp */ = {
			isa = PBXNativeTarget;
			buildConfigurationList = 6357A02025C0BD2F006FDCD3 /* Build configuration list for PBXNativeTarget "GiphySearchApp" */;
			buildPhases = (
				63579FF225C0BD2C006FDCD3 /* Sources */,
				63579FF325C0BD2C006FDCD3 /* Frameworks */,
				63579FF425C0BD2C006FDCD3 /* Resources */,
			);
			buildRules = (
			);
			dependencies = (
			);
			name = GiphySearchApp;
			productName = GiphySearchApp;
			productReference = 63579FF625C0BD2C006FDCD3 /* GiphySearchApp.app */;
			productType = "com.apple.product-type.application";
		};
		6357A00B25C0BD2F006FDCD3 /* GiphySearchAppTests */ = {
			isa = PBXNativeTarget;
			buildConfigurationList = 6357A02325C0BD2F006FDCD3 /* Build configuration list for PBXNativeTarget "GiphySearchAppTests" */;
			buildPhases = (
				6357A00825C0BD2F006FDCD3 /* Sources */,
				6357A00925C0BD2F006FDCD3 /* Frameworks */,
				6357A00A25C0BD2F006FDCD3 /* Resources */,
			);
			buildRules = (
			);
			dependencies = (
				6357A00E25C0BD2F006FDCD3 /* PBXTargetDependency */,
			);
			name = GiphySearchAppTests;
			productName = GiphySearchAppTests;
			productReference = 6357A00C25C0BD2F006FDCD3 /* GiphySearchAppTests.xctest */;
			productType = "com.apple.product-type.bundle.unit-test";
		};
		6357A01625C0BD2F006FDCD3 /* GiphySearchAppUITests */ = {
			isa = PBXNativeTarget;
			buildConfigurationList = 6357A02625C0BD2F006FDCD3 /* Build configuration list for PBXNativeTarget "GiphySearchAppUITests" */;
			buildPhases = (
				6357A01325C0BD2F006FDCD3 /* Sources */,
				6357A01425C0BD2F006FDCD3 /* Frameworks */,
				6357A01525C0BD2F006FDCD3 /* Resources */,
			);
			buildRules = (
			);
			dependencies = (
				6357A01925C0BD2F006FDCD3 /* PBXTargetDependency */,
			);
			name = GiphySearchAppUITests;
			productName = GiphySearchAppUITests;
			productReference = 6357A01725C0BD2F006FDCD3 /* GiphySearchAppUITests.xctest */;
			productType = "com.apple.product-type.bundle.ui-testing";
		};
/* End PBXNativeTarget section */

/* Begin PBXProject section */
		63579FEE25C0BD2C006FDCD3 /* Project object */ = {
			isa = PBXProject;
			attributes = {
				LastSwiftUpdateCheck = 1230;
				LastUpgradeCheck = 1230;
				TargetAttributes = {
					63579FF525C0BD2C006FDCD3 = {
						CreatedOnToolsVersion = 12.3;
					};
					6357A00B25C0BD2F006FDCD3 = {
						CreatedOnToolsVersion = 12.3;
						LastSwiftMigration = 1230;
						TestTargetID = 63579FF525C0BD2C006FDCD3;
					};
					6357A01625C0BD2F006FDCD3 = {
						CreatedOnToolsVersion = 12.3;
						TestTargetID = 63579FF525C0BD2C006FDCD3;
					};
				};
			};
			buildConfigurationList = 63579FF125C0BD2C006FDCD3 /* Build configuration list for PBXProject "GiphySearchApp" */;
			compatibilityVersion = "Xcode 9.3";
			developmentRegion = en;
			hasScannedForEncodings = 0;
			knownRegions = (
				en,
				Base,
			);
			mainGroup = 63579FED25C0BD2C006FDCD3;
			productRefGroup = 63579FF725C0BD2C006FDCD3 /* Products */;
			projectDirPath = "";
			projectRoot = "";
			targets = (
				63579FF525C0BD2C006FDCD3 /* GiphySearchApp */,
				6357A00B25C0BD2F006FDCD3 /* GiphySearchAppTests */,
				6357A01625C0BD2F006FDCD3 /* GiphySearchAppUITests */,
			);
		};
/* End PBXProject section */

/* Begin PBXResourcesBuildPhase section */
		63579FF425C0BD2C006FDCD3 /* Resources */ = {
			isa = PBXResourcesBuildPhase;
			buildActionMask = 2147483647;
			files = (
				6357A00625C0BD2F006FDCD3 /* LaunchScreen.storyboard in Resources */,
				6357A00325C0BD2F006FDCD3 /* Assets.xcassets in Resources */,
				6357A00125C0BD2C006FDCD3 /* Main.storyboard in Resources */,
			);
			runOnlyForDeploymentPostprocessing = 0;
		};
		6357A00A25C0BD2F006FDCD3 /* Resources */ = {
			isa = PBXResourcesBuildPhase;
			buildActionMask = 2147483647;
			files = (
			);
			runOnlyForDeploymentPostprocessing = 0;
		};
		6357A01525C0BD2F006FDCD3 /* Resources */ = {
			isa = PBXResourcesBuildPhase;
			buildActionMask = 2147483647;
			files = (
			);
			runOnlyForDeploymentPostprocessing = 0;
		};
/* End PBXResourcesBuildPhase section */

/* Begin PBXSourcesBuildPhase section */
		63579FF225C0BD2C006FDCD3 /* Sources */ = {
			isa = PBXSourcesBuildPhase;
			buildActionMask = 2147483647;
			files = (
				6357A0A725C0F712006FDCD3 /* GiphyAPIClient.swift in Sources */,
				6357A0F025C1ACF8006FDCD3 /* GiphyDetailPresenter.swift in Sources */,
				6357A0BD25C0FCEB006FDCD3 /* GiphyGiphyOriginalStill.swift in Sources */,
				63579FFA25C0BD2C006FDCD3 /* AppDelegate.swift in Sources */,
				6357A0A225C0F28A006FDCD3 /* GiphySearchRequest.swift in Sources */,
				6357A0E625C1ACCF006FDCD3 /* GiphyDetailViewController.swift in Sources */,
				6357A03825C0C3A9006FDCD3 /* GiphySearchCollectionCell.swift in Sources */,
				6357A07B25C0E83E006FDCD3 /* Parser.swift in Sources */,
				6357A0B525C0FC18006FDCD3 /* GiphyData.swift in Sources */,
				6357A0DD25C18E53006FDCD3 /* GiphyImageRequest.swift in Sources */,
				6357A0B025C0FBD9006FDCD3 /* GiphyResponse.swift in Sources */,
				6357A05425C0D5F2006FDCD3 /* FlowFactory.swift in Sources */,
				6357A03E25C0D413006FDCD3 /* ModuleFactory.swift in Sources */,
				6357A03325C0BEDF006FDCD3 /* GiphySearchCollectionViewController.swift in Sources */,
				6357A04925C0D4C0006FDCD3 /* GiphySearchListPresenter.swift in Sources */,
				63579FFC25C0BD2C006FDCD3 /* SceneDelegate.swift in Sources */,
				6357A08525C0E992006FDCD3 /* ImageParser.swift in Sources */,
				6357A07625C0E601006FDCD3 /* Request.swift in Sources */,
				6357A08025C0E89E006FDCD3 /* JsonParser.swift in Sources */,
				6357A0C625C170A0006FDCD3 /* GiphyImages.swift in Sources */,
				6357A08A25C0EA79006FDCD3 /* NetworkService.swift in Sources */,
				6357A0FC25C1B3CF006FDCD3 /* GiphyDetail.swift in Sources */,
				6357A05A25C0D694006FDCD3 /* FlowGiphySearch.swift in Sources */,
			);
			runOnlyForDeploymentPostprocessing = 0;
		};
		6357A00825C0BD2F006FDCD3 /* Sources */ = {
			isa = PBXSourcesBuildPhase;
			buildActionMask = 2147483647;
			files = (
				6357A14D25C1D39C006FDCD3 /* GiphySearchListPresenterMock.swift in Sources */,
				6357A14825C1D2D4006FDCD3 /* GiphyDetailViewControllerMock.swift in Sources */,
				6357A12025C1CB57006FDCD3 /* GiphySearchListViewControllerMock.swift in Sources */,
				6357A11B25C1CB34006FDCD3 /* GiphySearchListViewControllerTests.swift in Sources */,
				6357A11225C1C1D5006FDCD3 /* GiphySearchListPresenterTests.swift in Sources */,
				6357A12A25C1CBB8006FDCD3 /* GiphyMock.swift in Sources */,
				6357A16925C1D9F0006FDCD3 /* JsonParserTests.swift in Sources */,
				6357A15225C1D5D4006FDCD3 /* ModuleFactoryTests.swift in Sources */,
				6357A16325C1D766006FDCD3 /* FlowGiphySearchTests.swift in Sources */,
				6357A17B25C1DC19006FDCD3 /* ImageParserTests.swift in Sources */,
				6357A13E25C1D170006FDCD3 /* GiphyDetailMock.swift in Sources */,
				6357A15E25C1D6F5006FDCD3 /* FlowFactoryTests.swift in Sources */,
				6357A14325C1D2AE006FDCD3 /* GiphyDetailViewControllerTests.swift in Sources */,
				6357A12525C1CB83006FDCD3 /* GiphyAPIClientMock.swift in Sources */,
				6357A13625C1D0DB006FDCD3 /* GiphyDetailPresenterTests.swift in Sources */,
			);
			runOnlyForDeploymentPostprocessing = 0;
		};
		6357A01325C0BD2F006FDCD3 /* Sources */ = {
			isa = PBXSourcesBuildPhase;
			buildActionMask = 2147483647;
			files = (
				6357A01C25C0BD2F006FDCD3 /* GiphySearchAppUITests.swift in Sources */,
			);
			runOnlyForDeploymentPostprocessing = 0;
		};
/* End PBXSourcesBuildPhase section */

/* Begin PBXTargetDependency section */
		6357A00E25C0BD2F006FDCD3 /* PBXTargetDependency */ = {
			isa = PBXTargetDependency;
			target = 63579FF525C0BD2C006FDCD3 /* GiphySearchApp */;
			targetProxy = 6357A00D25C0BD2F006FDCD3 /* PBXContainerItemProxy */;
		};
		6357A01925C0BD2F006FDCD3 /* PBXTargetDependency */ = {
			isa = PBXTargetDependency;
			target = 63579FF525C0BD2C006FDCD3 /* GiphySearchApp */;
			targetProxy = 6357A01825C0BD2F006FDCD3 /* PBXContainerItemProxy */;
		};
/* End PBXTargetDependency section */

/* Begin PBXVariantGroup section */
		63579FFF25C0BD2C006FDCD3 /* Main.storyboard */ = {
			isa = PBXVariantGroup;
			children = (
				6357A00025C0BD2C006FDCD3 /* Base */,
			);
			name = Main.storyboard;
			sourceTree = "<group>";
		};
		6357A00425C0BD2F006FDCD3 /* LaunchScreen.storyboard */ = {
			isa = PBXVariantGroup;
			children = (
				6357A00525C0BD2F006FDCD3 /* Base */,
			);
			name = LaunchScreen.storyboard;
			sourceTree = "<group>";
		};
/* End PBXVariantGroup section */

/* Begin XCBuildConfiguration section */
		6357A01E25C0BD2F006FDCD3 /* Debug */ = {
			isa = XCBuildConfiguration;
			buildSettings = {
				ALWAYS_SEARCH_USER_PATHS = NO;
				CLANG_ANALYZER_NONNULL = YES;
				CLANG_ANALYZER_NUMBER_OBJECT_CONVERSION = YES_AGGRESSIVE;
				CLANG_CXX_LANGUAGE_STANDARD = "gnu++14";
				CLANG_CXX_LIBRARY = "libc++";
				CLANG_ENABLE_MODULES = YES;
				CLANG_ENABLE_OBJC_ARC = YES;
				CLANG_ENABLE_OBJC_WEAK = YES;
				CLANG_WARN_BLOCK_CAPTURE_AUTORELEASING = YES;
				CLANG_WARN_BOOL_CONVERSION = YES;
				CLANG_WARN_COMMA = YES;
				CLANG_WARN_CONSTANT_CONVERSION = YES;
				CLANG_WARN_DEPRECATED_OBJC_IMPLEMENTATIONS = YES;
				CLANG_WARN_DIRECT_OBJC_ISA_USAGE = YES_ERROR;
				CLANG_WARN_DOCUMENTATION_COMMENTS = YES;
				CLANG_WARN_EMPTY_BODY = YES;
				CLANG_WARN_ENUM_CONVERSION = YES;
				CLANG_WARN_INFINITE_RECURSION = YES;
				CLANG_WARN_INT_CONVERSION = YES;
				CLANG_WARN_NON_LITERAL_NULL_CONVERSION = YES;
				CLANG_WARN_OBJC_IMPLICIT_RETAIN_SELF = YES;
				CLANG_WARN_OBJC_LITERAL_CONVERSION = YES;
				CLANG_WARN_OBJC_ROOT_CLASS = YES_ERROR;
				CLANG_WARN_QUOTED_INCLUDE_IN_FRAMEWORK_HEADER = YES;
				CLANG_WARN_RANGE_LOOP_ANALYSIS = YES;
				CLANG_WARN_STRICT_PROTOTYPES = YES;
				CLANG_WARN_SUSPICIOUS_MOVE = YES;
				CLANG_WARN_UNGUARDED_AVAILABILITY = YES_AGGRESSIVE;
				CLANG_WARN_UNREACHABLE_CODE = YES;
				CLANG_WARN__DUPLICATE_METHOD_MATCH = YES;
				COPY_PHASE_STRIP = NO;
				DEBUG_INFORMATION_FORMAT = dwarf;
				ENABLE_STRICT_OBJC_MSGSEND = YES;
				ENABLE_TESTABILITY = YES;
				GCC_C_LANGUAGE_STANDARD = gnu11;
				GCC_DYNAMIC_NO_PIC = NO;
				GCC_NO_COMMON_BLOCKS = YES;
				GCC_OPTIMIZATION_LEVEL = 0;
				GCC_PREPROCESSOR_DEFINITIONS = (
					"DEBUG=1",
					"$(inherited)",
				);
				GCC_WARN_64_TO_32_BIT_CONVERSION = YES;
				GCC_WARN_ABOUT_RETURN_TYPE = YES_ERROR;
				GCC_WARN_UNDECLARED_SELECTOR = YES;
				GCC_WARN_UNINITIALIZED_AUTOS = YES_AGGRESSIVE;
				GCC_WARN_UNUSED_FUNCTION = YES;
				GCC_WARN_UNUSED_VARIABLE = YES;
				IPHONEOS_DEPLOYMENT_TARGET = 14.3;
				MTL_ENABLE_DEBUG_INFO = INCLUDE_SOURCE;
				MTL_FAST_MATH = YES;
				ONLY_ACTIVE_ARCH = YES;
				SDKROOT = iphoneos;
				SWIFT_ACTIVE_COMPILATION_CONDITIONS = DEBUG;
				SWIFT_OPTIMIZATION_LEVEL = "-Onone";
			};
			name = Debug;
		};
		6357A01F25C0BD2F006FDCD3 /* Release */ = {
			isa = XCBuildConfiguration;
			buildSettings = {
				ALWAYS_SEARCH_USER_PATHS = NO;
				CLANG_ANALYZER_NONNULL = YES;
				CLANG_ANALYZER_NUMBER_OBJECT_CONVERSION = YES_AGGRESSIVE;
				CLANG_CXX_LANGUAGE_STANDARD = "gnu++14";
				CLANG_CXX_LIBRARY = "libc++";
				CLANG_ENABLE_MODULES = YES;
				CLANG_ENABLE_OBJC_ARC = YES;
				CLANG_ENABLE_OBJC_WEAK = YES;
				CLANG_WARN_BLOCK_CAPTURE_AUTORELEASING = YES;
				CLANG_WARN_BOOL_CONVERSION = YES;
				CLANG_WARN_COMMA = YES;
				CLANG_WARN_CONSTANT_CONVERSION = YES;
				CLANG_WARN_DEPRECATED_OBJC_IMPLEMENTATIONS = YES;
				CLANG_WARN_DIRECT_OBJC_ISA_USAGE = YES_ERROR;
				CLANG_WARN_DOCUMENTATION_COMMENTS = YES;
				CLANG_WARN_EMPTY_BODY = YES;
				CLANG_WARN_ENUM_CONVERSION = YES;
				CLANG_WARN_INFINITE_RECURSION = YES;
				CLANG_WARN_INT_CONVERSION = YES;
				CLANG_WARN_NON_LITERAL_NULL_CONVERSION = YES;
				CLANG_WARN_OBJC_IMPLICIT_RETAIN_SELF = YES;
				CLANG_WARN_OBJC_LITERAL_CONVERSION = YES;
				CLANG_WARN_OBJC_ROOT_CLASS = YES_ERROR;
				CLANG_WARN_QUOTED_INCLUDE_IN_FRAMEWORK_HEADER = YES;
				CLANG_WARN_RANGE_LOOP_ANALYSIS = YES;
				CLANG_WARN_STRICT_PROTOTYPES = YES;
				CLANG_WARN_SUSPICIOUS_MOVE = YES;
				CLANG_WARN_UNGUARDED_AVAILABILITY = YES_AGGRESSIVE;
				CLANG_WARN_UNREACHABLE_CODE = YES;
				CLANG_WARN__DUPLICATE_METHOD_MATCH = YES;
				COPY_PHASE_STRIP = NO;
				DEBUG_INFORMATION_FORMAT = "dwarf-with-dsym";
				ENABLE_NS_ASSERTIONS = NO;
				ENABLE_STRICT_OBJC_MSGSEND = YES;
				GCC_C_LANGUAGE_STANDARD = gnu11;
				GCC_NO_COMMON_BLOCKS = YES;
				GCC_WARN_64_TO_32_BIT_CONVERSION = YES;
				GCC_WARN_ABOUT_RETURN_TYPE = YES_ERROR;
				GCC_WARN_UNDECLARED_SELECTOR = YES;
				GCC_WARN_UNINITIALIZED_AUTOS = YES_AGGRESSIVE;
				GCC_WARN_UNUSED_FUNCTION = YES;
				GCC_WARN_UNUSED_VARIABLE = YES;
				IPHONEOS_DEPLOYMENT_TARGET = 14.3;
				MTL_ENABLE_DEBUG_INFO = NO;
				MTL_FAST_MATH = YES;
				SDKROOT = iphoneos;
				SWIFT_COMPILATION_MODE = wholemodule;
				SWIFT_OPTIMIZATION_LEVEL = "-O";
				VALIDATE_PRODUCT = YES;
			};
			name = Release;
		};
		6357A02125C0BD2F006FDCD3 /* Debug */ = {
			isa = XCBuildConfiguration;
			buildSettings = {
				ASSETCATALOG_COMPILER_APPICON_NAME = AppIcon;
				ASSETCATALOG_COMPILER_GLOBAL_ACCENT_COLOR_NAME = AccentColor;
				CODE_SIGN_STYLE = Automatic;
				DEVELOPMENT_TEAM = 2G876RW9RP;
				INFOPLIST_FILE = GiphySearchApp/Info.plist;
				IPHONEOS_DEPLOYMENT_TARGET = 13.0;
				LD_RUNPATH_SEARCH_PATHS = (
					"$(inherited)",
					"@executable_path/Frameworks",
				);
				PRODUCT_BUNDLE_IDENTIFIER = net.elmadigital.GiphySearchApp;
				PRODUCT_NAME = "$(TARGET_NAME)";
				SWIFT_VERSION = 5.0;
				TARGETED_DEVICE_FAMILY = "1,2";
			};
			name = Debug;
		};
		6357A02225C0BD2F006FDCD3 /* Release */ = {
			isa = XCBuildConfiguration;
			buildSettings = {
				ASSETCATALOG_COMPILER_APPICON_NAME = AppIcon;
				ASSETCATALOG_COMPILER_GLOBAL_ACCENT_COLOR_NAME = AccentColor;
				CODE_SIGN_STYLE = Automatic;
				DEVELOPMENT_TEAM = 2G876RW9RP;
				INFOPLIST_FILE = GiphySearchApp/Info.plist;
				IPHONEOS_DEPLOYMENT_TARGET = 13.0;
				LD_RUNPATH_SEARCH_PATHS = (
					"$(inherited)",
					"@executable_path/Frameworks",
				);
				PRODUCT_BUNDLE_IDENTIFIER = net.elmadigital.GiphySearchApp;
				PRODUCT_NAME = "$(TARGET_NAME)";
				SWIFT_VERSION = 5.0;
				TARGETED_DEVICE_FAMILY = "1,2";
			};
			name = Release;
		};
		6357A02425C0BD2F006FDCD3 /* Debug */ = {
			isa = XCBuildConfiguration;
			buildSettings = {
				ALWAYS_EMBED_SWIFT_STANDARD_LIBRARIES = YES;
				BUNDLE_LOADER = "$(TEST_HOST)";
				CLANG_ENABLE_MODULES = YES;
				CODE_SIGN_STYLE = Automatic;
				DEVELOPMENT_TEAM = 2G876RW9RP;
				INFOPLIST_FILE = GiphySearchAppTests/Info.plist;
				IPHONEOS_DEPLOYMENT_TARGET = 14.3;
				LD_RUNPATH_SEARCH_PATHS = (
					"$(inherited)",
					"@executable_path/Frameworks",
					"@loader_path/Frameworks",
				);
				PRODUCT_BUNDLE_IDENTIFIER = net.elmadigital.GiphySearchAppTests;
				PRODUCT_NAME = "$(TARGET_NAME)";
				SWIFT_OPTIMIZATION_LEVEL = "-Onone";
				SWIFT_VERSION = 5.0;
				TARGETED_DEVICE_FAMILY = "1,2";
				TEST_HOST = "$(BUILT_PRODUCTS_DIR)/GiphySearchApp.app/GiphySearchApp";
			};
			name = Debug;
		};
		6357A02525C0BD2F006FDCD3 /* Release */ = {
			isa = XCBuildConfiguration;
			buildSettings = {
				ALWAYS_EMBED_SWIFT_STANDARD_LIBRARIES = YES;
				BUNDLE_LOADER = "$(TEST_HOST)";
				CLANG_ENABLE_MODULES = YES;
				CODE_SIGN_STYLE = Automatic;
				DEVELOPMENT_TEAM = 2G876RW9RP;
				INFOPLIST_FILE = GiphySearchAppTests/Info.plist;
				IPHONEOS_DEPLOYMENT_TARGET = 14.3;
				LD_RUNPATH_SEARCH_PATHS = (
					"$(inherited)",
					"@executable_path/Frameworks",
					"@loader_path/Frameworks",
				);
				PRODUCT_BUNDLE_IDENTIFIER = net.elmadigital.GiphySearchAppTests;
				PRODUCT_NAME = "$(TARGET_NAME)";
				SWIFT_VERSION = 5.0;
				TARGETED_DEVICE_FAMILY = "1,2";
				TEST_HOST = "$(BUILT_PRODUCTS_DIR)/GiphySearchApp.app/GiphySearchApp";
			};
			name = Release;
		};
		6357A02725C0BD2F006FDCD3 /* Debug */ = {
			isa = XCBuildConfiguration;
			buildSettings = {
				ALWAYS_EMBED_SWIFT_STANDARD_LIBRARIES = YES;
				CODE_SIGN_STYLE = Automatic;
				DEVELOPMENT_TEAM = 2G876RW9RP;
				INFOPLIST_FILE = GiphySearchAppUITests/Info.plist;
				LD_RUNPATH_SEARCH_PATHS = (
					"$(inherited)",
					"@executable_path/Frameworks",
					"@loader_path/Frameworks",
				);
				PRODUCT_BUNDLE_IDENTIFIER = net.elmadigital.GiphySearchAppUITests;
				PRODUCT_NAME = "$(TARGET_NAME)";
				SWIFT_VERSION = 5.0;
				TARGETED_DEVICE_FAMILY = "1,2";
				TEST_TARGET_NAME = GiphySearchApp;
			};
			name = Debug;
		};
		6357A02825C0BD2F006FDCD3 /* Release */ = {
			isa = XCBuildConfiguration;
			buildSettings = {
				ALWAYS_EMBED_SWIFT_STANDARD_LIBRARIES = YES;
				CODE_SIGN_STYLE = Automatic;
				DEVELOPMENT_TEAM = 2G876RW9RP;
				INFOPLIST_FILE = GiphySearchAppUITests/Info.plist;
				LD_RUNPATH_SEARCH_PATHS = (
					"$(inherited)",
					"@executable_path/Frameworks",
					"@loader_path/Frameworks",
				);
				PRODUCT_BUNDLE_IDENTIFIER = net.elmadigital.GiphySearchAppUITests;
				PRODUCT_NAME = "$(TARGET_NAME)";
				SWIFT_VERSION = 5.0;
				TARGETED_DEVICE_FAMILY = "1,2";
				TEST_TARGET_NAME = GiphySearchApp;
			};
			name = Release;
		};
/* End XCBuildConfiguration section */

/* Begin XCConfigurationList section */
		63579FF125C0BD2C006FDCD3 /* Build configuration list for PBXProject "GiphySearchApp" */ = {
			isa = XCConfigurationList;
			buildConfigurations = (
				6357A01E25C0BD2F006FDCD3 /* Debug */,
				6357A01F25C0BD2F006FDCD3 /* Release */,
			);
			defaultConfigurationIsVisible = 0;
			defaultConfigurationName = Release;
		};
		6357A02025C0BD2F006FDCD3 /* Build configuration list for PBXNativeTarget "GiphySearchApp" */ = {
			isa = XCConfigurationList;
			buildConfigurations = (
				6357A02125C0BD2F006FDCD3 /* Debug */,
				6357A02225C0BD2F006FDCD3 /* Release */,
			);
			defaultConfigurationIsVisible = 0;
			defaultConfigurationName = Release;
		};
		6357A02325C0BD2F006FDCD3 /* Build configuration list for PBXNativeTarget "GiphySearchAppTests" */ = {
			isa = XCConfigurationList;
			buildConfigurations = (
				6357A02425C0BD2F006FDCD3 /* Debug */,
				6357A02525C0BD2F006FDCD3 /* Release */,
			);
			defaultConfigurationIsVisible = 0;
			defaultConfigurationName = Release;
		};
		6357A02625C0BD2F006FDCD3 /* Build configuration list for PBXNativeTarget "GiphySearchAppUITests" */ = {
			isa = XCConfigurationList;
			buildConfigurations = (
				6357A02725C0BD2F006FDCD3 /* Debug */,
				6357A02825C0BD2F006FDCD3 /* Release */,
			);
			defaultConfigurationIsVisible = 0;
			defaultConfigurationName = Release;
		};
/* End XCConfigurationList section */
	};
	rootObject = 63579FEE25C0BD2C006FDCD3 /* Project object */;
}
