// !$*UTF8*$!
{
	archiveVersion = 1;
	classes = {
	};
	objectVersion = 50;
	objects = {

/* Begin PBXBuildFile section */
		63579FFA25C0BD2C006FDCD3 /* AppDelegate.swift in Sources */ = {isa = PBXBuildFile; fileRef = 63579FF925C0BD2C006FDCD3 /* AppDelegate.swift */; };
		63579FFC25C0BD2C006FDCD3 /* SceneDelegate.swift in Sources */ = {isa = PBXBuildFile; fileRef = 63579FFB25C0BD2C006FDCD3 /* SceneDelegate.swift */; };
		6357A00125C0BD2C006FDCD3 /* Main.storyboard in Resources */ = {isa = PBXBuildFile; fileRef = 63579FFF25C0BD2C006FDCD3 /* Main.storyboard */; };
		6357A00325C0BD2F006FDCD3 /* Assets.xcassets in Resources */ = {isa = PBXBuildFile; fileRef = 6357A00225C0BD2F006FDCD3 /* Assets.xcassets */; };
		6357A00625C0BD2F006FDCD3 /* LaunchScreen.storyboard in Resources */ = {isa = PBXBuildFile; fileRef = 6357A00425C0BD2F006FDCD3 /* LaunchScreen.storyboard */; };
		6357A01125C0BD2F006FDCD3 /* GiphySearchAppTests.swift in Sources */ = {isa = PBXBuildFile; fileRef = 6357A01025C0BD2F006FDCD3 /* GiphySearchAppTests.swift */; };
		6357A01C25C0BD2F006FDCD3 /* GiphySearchAppUITests.swift in Sources */ = {isa = PBXBuildFile; fileRef = 6357A01B25C0BD2F006FDCD3 /* GiphySearchAppUITests.swift */; };
		6357A03325C0BEDF006FDCD3 /* GiphySearchCollectionViewController.swift in Sources */ = {isa = PBXBuildFile; fileRef = 6357A03225C0BEDF006FDCD3 /* GiphySearchCollectionViewController.swift */; };
		6357A03825C0C3A9006FDCD3 /* GiphySearchCollectionCell.swift in Sources */ = {isa = PBXBuildFile; fileRef = 6357A03725C0C3A9006FDCD3 /* GiphySearchCollectionCell.swift */; };
		6357A03E25C0D413006FDCD3 /* ModuleFactory.swift in Sources */ = {isa = PBXBuildFile; fileRef = 6357A03D25C0D413006FDCD3 /* ModuleFactory.swift */; };
		6357A04925C0D4C0006FDCD3 /* GiphySearchListPresenter.swift in Sources */ = {isa = PBXBuildFile; fileRef = 6357A04825C0D4C0006FDCD3 /* GiphySearchListPresenter.swift */; };
		6357A05425C0D5F2006FDCD3 /* FlowFactory.swift in Sources */ = {isa = PBXBuildFile; fileRef = 6357A05325C0D5F2006FDCD3 /* FlowFactory.swift */; };
		6357A05A25C0D694006FDCD3 /* FlowGiphySearch.swift in Sources */ = {isa = PBXBuildFile; fileRef = 6357A05925C0D694006FDCD3 /* FlowGiphySearch.swift */; };
/* End PBXBuildFile section */

/* Begin PBXContainerItemProxy section */
		6357A00D25C0BD2F006FDCD3 /* PBXContainerItemProxy */ = {
			isa = PBXContainerItemProxy;
			containerPortal = 63579FEE25C0BD2C006FDCD3 /* Project object */;
			proxyType = 1;
			remoteGlobalIDString = 63579FF525C0BD2C006FDCD3;
			remoteInfo = GiphySearchApp;
		};
		6357A01825C0BD2F006FDCD3 /* PBXContainerItemProxy */ = {
			isa = PBXContainerItemProxy;
			containerPortal = 63579FEE25C0BD2C006FDCD3 /* Project object */;
			proxyType = 1;
			remoteGlobalIDString = 63579FF525C0BD2C006FDCD3;
			remoteInfo = GiphySearchApp;
		};
/* End PBXContainerItemProxy section */

/* Begin PBXFileReference section */
		63579FF625C0BD2C006FDCD3 /* GiphySearchApp.app */ = {isa = PBXFileReference; explicitFileType = wrapper.application; includeInIndex = 0; path = GiphySearchApp.app; sourceTree = BUILT_PRODUCTS_DIR; };
		63579FF925C0BD2C006FDCD3 /* AppDelegate.swift */ = {isa = PBXFileReference; lastKnownFileType = sourcecode.swift; path = AppDelegate.swift; sourceTree = "<group>"; };
		63579FFB25C0BD2C006FDCD3 /* SceneDelegate.swift */ = {isa = PBXFileReference; lastKnownFileType = sourcecode.swift; path = SceneDelegate.swift; sourceTree = "<group>"; };
		6357A00025C0BD2C006FDCD3 /* Base */ = {isa = PBXFileReference; lastKnownFileType = file.storyboard; name = Base; path = Base.lproj/Main.storyboard; sourceTree = "<group>"; };
		6357A00225C0BD2F006FDCD3 /* Assets.xcassets */ = {isa = PBXFileReference; lastKnownFileType = folder.assetcatalog; path = Assets.xcassets; sourceTree = "<group>"; };
		6357A00525C0BD2F006FDCD3 /* Base */ = {isa = PBXFileReference; lastKnownFileType = file.storyboard; name = Base; path = Base.lproj/LaunchScreen.storyboard; sourceTree = "<group>"; };
		6357A00725C0BD2F006FDCD3 /* Info.plist */ = {isa = PBXFileReference; lastKnownFileType = text.plist.xml; path = Info.plist; sourceTree = "<group>"; };
		6357A00C25C0BD2F006FDCD3 /* GiphySearchAppTests.xctest */ = {isa = PBXFileReference; explicitFileType = wrapper.cfbundle; includeInIndex = 0; path = GiphySearchAppTests.xctest; sourceTree = BUILT_PRODUCTS_DIR; };
		6357A01025C0BD2F006FDCD3 /* GiphySearchAppTests.swift */ = {isa = PBXFileReference; lastKnownFileType = sourcecode.swift; path = GiphySearchAppTests.swift; sourceTree = "<group>"; };
		6357A01225C0BD2F006FDCD3 /* Info.plist */ = {isa = PBXFileReference; lastKnownFileType = text.plist.xml; path = Info.plist; sourceTree = "<group>"; };
		6357A01725C0BD2F006FDCD3 /* GiphySearchAppUITests.xctest */ = {isa = PBXFileReference; explicitFileType = wrapper.cfbundle; includeInIndex = 0; path = GiphySearchAppUITests.xctest; sourceTree = BUILT_PRODUCTS_DIR; };
		6357A01B25C0BD2F006FDCD3 /* GiphySearchAppUITests.swift */ = {isa = PBXFileReference; lastKnownFileType = sourcecode.swift; path = GiphySearchAppUITests.swift; sourceTree = "<group>"; };
		6357A01D25C0BD2F006FDCD3 /* Info.plist */ = {isa = PBXFileReference; lastKnownFileType = text.plist.xml; path = Info.plist; sourceTree = "<group>"; };
		6357A03225C0BEDF006FDCD3 /* GiphySearchCollectionViewController.swift */ = {isa = PBXFileReference; lastKnownFileType = sourcecode.swift; path = GiphySearchCollectionViewController.swift; sourceTree = "<group>"; };
		6357A03725C0C3A9006FDCD3 /* GiphySearchCollectionCell.swift */ = {isa = PBXFileReference; lastKnownFileType = sourcecode.swift; path = GiphySearchCollectionCell.swift; sourceTree = "<group>"; };
		6357A03D25C0D413006FDCD3 /* ModuleFactory.swift */ = {isa = PBXFileReference; lastKnownFileType = sourcecode.swift; path = ModuleFactory.swift; sourceTree = "<group>"; };
		6357A04825C0D4C0006FDCD3 /* GiphySearchListPresenter.swift */ = {isa = PBXFileReference; lastKnownFileType = sourcecode.swift; path = GiphySearchListPresenter.swift; sourceTree = "<group>"; };
		6357A05325C0D5F2006FDCD3 /* FlowFactory.swift */ = {isa = PBXFileReference; lastKnownFileType = sourcecode.swift; path = FlowFactory.swift; sourceTree = "<group>"; };
		6357A05925C0D694006FDCD3 /* FlowGiphySearch.swift */ = {isa = PBXFileReference; lastKnownFileType = sourcecode.swift; path = FlowGiphySearch.swift; sourceTree = "<group>"; };
/* End PBXFileReference section */

/* Begin PBXFrameworksBuildPhase section */
		63579FF325C0BD2C006FDCD3 /* Frameworks */ = {
			isa = PBXFrameworksBuildPhase;
			buildActionMask = 2147483647;
			files = (
			);
			runOnlyForDeploymentPostprocessing = 0;
		};
		6357A00925C0BD2F006FDCD3 /* Frameworks */ = {
			isa = PBXFrameworksBuildPhase;
			buildActionMask = 2147483647;
			files = (
			);
			runOnlyForDeploymentPostprocessing = 0;
		};
		6357A01425C0BD2F006FDCD3 /* Frameworks */ = {
			isa = PBXFrameworksBuildPhase;
			buildActionMask = 2147483647;
			files = (
			);
			runOnlyForDeploymentPostprocessing = 0;
		};
/* End PBXFrameworksBuildPhase section */

/* Begin PBXGroup section */
		63579FED25C0BD2C006FDCD3 = {
			isa = PBXGroup;
			children = (
				63579FF825C0BD2C006FDCD3 /* GiphySearchApp */,
				6357A00F25C0BD2F006FDCD3 /* GiphySearchAppTests */,
				6357A01A25C0BD2F006FDCD3 /* GiphySearchAppUITests */,
				63579FF725C0BD2C006FDCD3 /* Products */,
			);
			sourceTree = "<group>";
		};
		63579FF725C0BD2C006FDCD3 /* Products */ = {
			isa = PBXGroup;
			children = (
				63579FF625C0BD2C006FDCD3 /* GiphySearchApp.app */,
				6357A00C25C0BD2F006FDCD3 /* GiphySearchAppTests.xctest */,
				6357A01725C0BD2F006FDCD3 /* GiphySearchAppUITests.xctest */,
			);
			name = Products;
			sourceTree = "<group>";
		};
		63579FF825C0BD2C006FDCD3 /* GiphySearchApp */ = {
			isa = PBXGroup;
			children = (
				6357A05F25C0D81E006FDCD3 /* App */,
				6357A05825C0D66F006FDCD3 /* Flows */,
				6357A03C25C0D3F9006FDCD3 /* Modules */,
				6357A00725C0BD2F006FDCD3 /* Info.plist */,
				6357A00225C0BD2F006FDCD3 /* Assets.xcassets */,
				63579FFF25C0BD2C006FDCD3 /* Main.storyboard */,
				6357A00425C0BD2F006FDCD3 /* LaunchScreen.storyboard */,
			);
			path = GiphySearchApp;
			sourceTree = "<group>";
		};
		6357A00F25C0BD2F006FDCD3 /* GiphySearchAppTests */ = {
			isa = PBXGroup;
			children = (
				6357A01025C0BD2F006FDCD3 /* GiphySearchAppTests.swift */,
				6357A01225C0BD2F006FDCD3 /* Info.plist */,
			);
			path = GiphySearchAppTests;
			sourceTree = "<group>";
		};
		6357A01A25C0BD2F006FDCD3 /* GiphySearchAppUITests */ = {
			isa = PBXGroup;
			children = (
				6357A01B25C0BD2F006FDCD3 /* GiphySearchAppUITests.swift */,
				6357A01D25C0BD2F006FDCD3 /* Info.plist */,
			);
			path = GiphySearchAppUITests;
			sourceTree = "<group>";
		};
		6357A03C25C0D3F9006FDCD3 /* Modules */ = {
			isa = PBXGroup;
			children = (
				6357A03D25C0D413006FDCD3 /* ModuleFactory.swift */,
				6357A04525C0D44B006FDCD3 /* GiphySearchList */,
			);
			path = Modules;
			sourceTree = "<group>";
		};
		6357A04525C0D44B006FDCD3 /* GiphySearchList */ = {
			isa = PBXGroup;
			children = (
				6357A04725C0D4A8006FDCD3 /* Presenter */,
				6357A04625C0D45A006FDCD3 /* Views */,
			);
			path = GiphySearchList;
			sourceTree = "<group>";
		};
		6357A04625C0D45A006FDCD3 /* Views */ = {
			isa = PBXGroup;
			children = (
				6357A03225C0BEDF006FDCD3 /* GiphySearchCollectionViewController.swift */,
				6357A03725C0C3A9006FDCD3 /* GiphySearchCollectionCell.swift */,
			);
			path = Views;
			sourceTree = "<group>";
		};
		6357A04725C0D4A8006FDCD3 /* Presenter */ = {
			isa = PBXGroup;
			children = (
				6357A04825C0D4C0006FDCD3 /* GiphySearchListPresenter.swift */,
			);
			path = Presenter;
			sourceTree = "<group>";
		};
		6357A05825C0D66F006FDCD3 /* Flows */ = {
			isa = PBXGroup;
			children = (
				6357A05325C0D5F2006FDCD3 /* FlowFactory.swift */,
				6357A05925C0D694006FDCD3 /* FlowGiphySearch.swift */,
			);
			path = Flows;
			sourceTree = "<group>";
		};
		6357A05F25C0D81E006FDCD3 /* App */ = {
			isa = PBXGroup;
			children = (
				63579FFB25C0BD2C006FDCD3 /* SceneDelegate.swift */,
				63579FF925C0BD2C006FDCD3 /* AppDelegate.swift */,
			);
			path = App;
			sourceTree = "<group>";
		};
/* End PBXGroup section */

/* Begin PBXNativeTarget section */
		63579FF525C0BD2C006FDCD3 /* GiphySearchApp */ = {
			isa = PBXNativeTarget;
			buildConfigurationList = 6357A02025C0BD2F006FDCD3 /* Build configuration list for PBXNativeTarget "GiphySearchApp" */;
			buildPhases = (
				63579FF225C0BD2C006FDCD3 /* Sources */,
				63579FF325C0BD2C006FDCD3 /* Frameworks */,
				63579FF425C0BD2C006FDCD3 /* Resources */,
			);
			buildRules = (
			);
			dependencies = (
			);
			name = GiphySearchApp;
			productName = GiphySearchApp;
			productReference = 63579FF625C0BD2C006FDCD3 /* GiphySearchApp.app */;
			productType = "com.apple.product-type.application";
		};
		6357A00B25C0BD2F006FDCD3 /* GiphySearchAppTests */ = {
			isa = PBXNativeTarget;
			buildConfigurationList = 6357A02325C0BD2F006FDCD3 /* Build configuration list for PBXNativeTarget "GiphySearchAppTests" */;
			buildPhases = (
				6357A00825C0BD2F006FDCD3 /* Sources */,
				6357A00925C0BD2F006FDCD3 /* Frameworks */,
				6357A00A25C0BD2F006FDCD3 /* Resources */,
			);
			buildRules = (
			);
			dependencies = (
				6357A00E25C0BD2F006FDCD3 /* PBXTargetDependency */,
			);
			name = GiphySearchAppTests;
			productName = GiphySearchAppTests;
			productReference = 6357A00C25C0BD2F006FDCD3 /* GiphySearchAppTests.xctest */;
			productType = "com.apple.product-type.bundle.unit-test";
		};
		6357A01625C0BD2F006FDCD3 /* GiphySearchAppUITests */ = {
			isa = PBXNativeTarget;
			buildConfigurationList = 6357A02625C0BD2F006FDCD3 /* Build configuration list for PBXNativeTarget "GiphySearchAppUITests" */;
			buildPhases = (
				6357A01325C0BD2F006FDCD3 /* Sources */,
				6357A01425C0BD2F006FDCD3 /* Frameworks */,
				6357A01525C0BD2F006FDCD3 /* Resources */,
			);
			buildRules = (
			);
			dependencies = (
				6357A01925C0BD2F006FDCD3 /* PBXTargetDependency */,
			);
			name = GiphySearchAppUITests;
			productName = GiphySearchAppUITests;
			productReference = 6357A01725C0BD2F006FDCD3 /* GiphySearchAppUITests.xctest */;
			productType = "com.apple.product-type.bundle.ui-testing";
		};
/* End PBXNativeTarget section */

/* Begin PBXProject section */
		63579FEE25C0BD2C006FDCD3 /* Project object */ = {
			isa = PBXProject;
			attributes = {
				LastSwiftUpdateCheck = 1230;
				LastUpgradeCheck = 1230;
				TargetAttributes = {
					63579FF525C0BD2C006FDCD3 = {
						CreatedOnToolsVersion = 12.3;
					};
					6357A00B25C0BD2F006FDCD3 = {
						CreatedOnToolsVersion = 12.3;
						TestTargetID = 63579FF525C0BD2C006FDCD3;
					};
					6357A01625C0BD2F006FDCD3 = {
						CreatedOnToolsVersion = 12.3;
						TestTargetID = 63579FF525C0BD2C006FDCD3;
					};
				};
			};
			buildConfigurationList = 63579FF125C0BD2C006FDCD3 /* Build configuration list for PBXProject "GiphySearchApp" */;
			compatibilityVersion = "Xcode 9.3";
			developmentRegion = en;
			hasScannedForEncodings = 0;
			knownRegions = (
				en,
				Base,
			);
			mainGroup = 63579FED25C0BD2C006FDCD3;
			productRefGroup = 63579FF725C0BD2C006FDCD3 /* Products */;
			projectDirPath = "";
			projectRoot = "";
			targets = (
				63579FF525C0BD2C006FDCD3 /* GiphySearchApp */,
				6357A00B25C0BD2F006FDCD3 /* GiphySearchAppTests */,
				6357A01625C0BD2F006FDCD3 /* GiphySearchAppUITests */,
			);
		};
/* End PBXProject section */

/* Begin PBXResourcesBuildPhase section */
		63579FF425C0BD2C006FDCD3 /* Resources */ = {
			isa = PBXResourcesBuildPhase;
			buildActionMask = 2147483647;
			files = (
				6357A00625C0BD2F006FDCD3 /* LaunchScreen.storyboard in Resources */,
				6357A00325C0BD2F006FDCD3 /* Assets.xcassets in Resources */,
				6357A00125C0BD2C006FDCD3 /* Main.storyboard in Resources */,
			);
			runOnlyForDeploymentPostprocessing = 0;
		};
		6357A00A25C0BD2F006FDCD3 /* Resources */ = {
			isa = PBXResourcesBuildPhase;
			buildActionMask = 2147483647;
			files = (
			);
			runOnlyForDeploymentPostprocessing = 0;
		};
		6357A01525C0BD2F006FDCD3 /* Resources */ = {
			isa = PBXResourcesBuildPhase;
			buildActionMask = 2147483647;
			files = (
			);
			runOnlyForDeploymentPostprocessing = 0;
		};
/* End PBXResourcesBuildPhase section */

/* Begin PBXSourcesBuildPhase section */
		63579FF225C0BD2C006FDCD3 /* Sources */ = {
			isa = PBXSourcesBuildPhase;
			buildActionMask = 2147483647;
			files = (
				63579FFA25C0BD2C006FDCD3 /* AppDelegate.swift in Sources */,
				6357A03825C0C3A9006FDCD3 /* GiphySearchCollectionCell.swift in Sources */,
				6357A05425C0D5F2006FDCD3 /* FlowFactory.swift in Sources */,
				6357A03E25C0D413006FDCD3 /* ModuleFactory.swift in Sources */,
				6357A03325C0BEDF006FDCD3 /* GiphySearchCollectionViewController.swift in Sources */,
				6357A04925C0D4C0006FDCD3 /* GiphySearchListPresenter.swift in Sources */,
				63579FFC25C0BD2C006FDCD3 /* SceneDelegate.swift in Sources */,
				6357A05A25C0D694006FDCD3 /* FlowGiphySearch.swift in Sources */,
			);
			runOnlyForDeploymentPostprocessing = 0;
		};
		6357A00825C0BD2F006FDCD3 /* Sources */ = {
			isa = PBXSourcesBuildPhase;
			buildActionMask = 2147483647;
			files = (
				6357A01125C0BD2F006FDCD3 /* GiphySearchAppTests.swift in Sources */,
			);
			runOnlyForDeploymentPostprocessing = 0;
		};
		6357A01325C0BD2F006FDCD3 /* Sources */ = {
			isa = PBXSourcesBuildPhase;
			buildActionMask = 2147483647;
			files = (
				6357A01C25C0BD2F006FDCD3 /* GiphySearchAppUITests.swift in Sources */,
			);
			runOnlyForDeploymentPostprocessing = 0;
		};
/* End PBXSourcesBuildPhase section */

/* Begin PBXTargetDependency section */
		6357A00E25C0BD2F006FDCD3 /* PBXTargetDependency */ = {
			isa = PBXTargetDependency;
			target = 63579FF525C0BD2C006FDCD3 /* GiphySearchApp */;
			targetProxy = 6357A00D25C0BD2F006FDCD3 /* PBXContainerItemProxy */;
		};
		6357A01925C0BD2F006FDCD3 /* PBXTargetDependency */ = {
			isa = PBXTargetDependency;
			target = 63579FF525C0BD2C006FDCD3 /* GiphySearchApp */;
			targetProxy = 6357A01825C0BD2F006FDCD3 /* PBXContainerItemProxy */;
		};
/* End PBXTargetDependency section */

/* Begin PBXVariantGroup section */
		63579FFF25C0BD2C006FDCD3 /* Main.storyboard */ = {
			isa = PBXVariantGroup;
			children = (
				6357A00025C0BD2C006FDCD3 /* Base */,
			);
			name = Main.storyboard;
			sourceTree = "<group>";
		};
		6357A00425C0BD2F006FDCD3 /* LaunchScreen.storyboard */ = {
			isa = PBXVariantGroup;
			children = (
				6357A00525C0BD2F006FDCD3 /* Base */,
			);
			name = LaunchScreen.storyboard;
			sourceTree = "<group>";
		};
/* End PBXVariantGroup section */

/* Begin XCBuildConfiguration section */
		6357A01E25C0BD2F006FDCD3 /* Debug */ = {
			isa = XCBuildConfiguration;
			buildSettings = {
				ALWAYS_SEARCH_USER_PATHS = NO;
				CLANG_ANALYZER_NONNULL = YES;
				CLANG_ANALYZER_NUMBER_OBJECT_CONVERSION = YES_AGGRESSIVE;
				CLANG_CXX_LANGUAGE_STANDARD = "gnu++14";
				CLANG_CXX_LIBRARY = "libc++";
				CLANG_ENABLE_MODULES = YES;
				CLANG_ENABLE_OBJC_ARC = YES;
				CLANG_ENABLE_OBJC_WEAK = YES;
				CLANG_WARN_BLOCK_CAPTURE_AUTORELEASING = YES;
				CLANG_WARN_BOOL_CONVERSION = YES;
				CLANG_WARN_COMMA = YES;
				CLANG_WARN_CONSTANT_CONVERSION = YES;
				CLANG_WARN_DEPRECATED_OBJC_IMPLEMENTATIONS = YES;
				CLANG_WARN_DIRECT_OBJC_ISA_USAGE = YES_ERROR;
				CLANG_WARN_DOCUMENTATION_COMMENTS = YES;
				CLANG_WARN_EMPTY_BODY = YES;
				CLANG_WARN_ENUM_CONVERSION = YES;
				CLANG_WARN_INFINITE_RECURSION = YES;
				CLANG_WARN_INT_CONVERSION = YES;
				CLANG_WARN_NON_LITERAL_NULL_CONVERSION = YES;
				CLANG_WARN_OBJC_IMPLICIT_RETAIN_SELF = YES;
				CLANG_WARN_OBJC_LITERAL_CONVERSION = YES;
				CLANG_WARN_OBJC_ROOT_CLASS = YES_ERROR;
				CLANG_WARN_QUOTED_INCLUDE_IN_FRAMEWORK_HEADER = YES;
				CLANG_WARN_RANGE_LOOP_ANALYSIS = YES;
				CLANG_WARN_STRICT_PROTOTYPES = YES;
				CLANG_WARN_SUSPICIOUS_MOVE = YES;
				CLANG_WARN_UNGUARDED_AVAILABILITY = YES_AGGRESSIVE;
				CLANG_WARN_UNREACHABLE_CODE = YES;
				CLANG_WARN__DUPLICATE_METHOD_MATCH = YES;
				COPY_PHASE_STRIP = NO;
				DEBUG_INFORMATION_FORMAT = dwarf;
				ENABLE_STRICT_OBJC_MSGSEND = YES;
				ENABLE_TESTABILITY = YES;
				GCC_C_LANGUAGE_STANDARD = gnu11;
				GCC_DYNAMIC_NO_PIC = NO;
				GCC_NO_COMMON_BLOCKS = YES;
				GCC_OPTIMIZATION_LEVEL = 0;
				GCC_PREPROCESSOR_DEFINITIONS = (
					"DEBUG=1",
					"$(inherited)",
				);
				GCC_WARN_64_TO_32_BIT_CONVERSION = YES;
				GCC_WARN_ABOUT_RETURN_TYPE = YES_ERROR;
				GCC_WARN_UNDECLARED_SELECTOR = YES;
				GCC_WARN_UNINITIALIZED_AUTOS = YES_AGGRESSIVE;
				GCC_WARN_UNUSED_FUNCTION = YES;
				GCC_WARN_UNUSED_VARIABLE = YES;
				IPHONEOS_DEPLOYMENT_TARGET = 14.3;
				MTL_ENABLE_DEBUG_INFO = INCLUDE_SOURCE;
				MTL_FAST_MATH = YES;
				ONLY_ACTIVE_ARCH = YES;
				SDKROOT = iphoneos;
				SWIFT_ACTIVE_COMPILATION_CONDITIONS = DEBUG;
				SWIFT_OPTIMIZATION_LEVEL = "-Onone";
			};
			name = Debug;
		};
		6357A01F25C0BD2F006FDCD3 /* Release */ = {
			isa = XCBuildConfiguration;
			buildSettings = {
				ALWAYS_SEARCH_USER_PATHS = NO;
				CLANG_ANALYZER_NONNULL = YES;
				CLANG_ANALYZER_NUMBER_OBJECT_CONVERSION = YES_AGGRESSIVE;
				CLANG_CXX_LANGUAGE_STANDARD = "gnu++14";
				CLANG_CXX_LIBRARY = "libc++";
				CLANG_ENABLE_MODULES = YES;
				CLANG_ENABLE_OBJC_ARC = YES;
				CLANG_ENABLE_OBJC_WEAK = YES;
				CLANG_WARN_BLOCK_CAPTURE_AUTORELEASING = YES;
				CLANG_WARN_BOOL_CONVERSION = YES;
				CLANG_WARN_COMMA = YES;
				CLANG_WARN_CONSTANT_CONVERSION = YES;
				CLANG_WARN_DEPRECATED_OBJC_IMPLEMENTATIONS = YES;
				CLANG_WARN_DIRECT_OBJC_ISA_USAGE = YES_ERROR;
				CLANG_WARN_DOCUMENTATION_COMMENTS = YES;
				CLANG_WARN_EMPTY_BODY = YES;
				CLANG_WARN_ENUM_CONVERSION = YES;
				CLANG_WARN_INFINITE_RECURSION = YES;
				CLANG_WARN_INT_CONVERSION = YES;
				CLANG_WARN_NON_LITERAL_NULL_CONVERSION = YES;
				CLANG_WARN_OBJC_IMPLICIT_RETAIN_SELF = YES;
				CLANG_WARN_OBJC_LITERAL_CONVERSION = YES;
				CLANG_WARN_OBJC_ROOT_CLASS = YES_ERROR;
				CLANG_WARN_QUOTED_INCLUDE_IN_FRAMEWORK_HEADER = YES;
				CLANG_WARN_RANGE_LOOP_ANALYSIS = YES;
				CLANG_WARN_STRICT_PROTOTYPES = YES;
				CLANG_WARN_SUSPICIOUS_MOVE = YES;
				CLANG_WARN_UNGUARDED_AVAILABILITY = YES_AGGRESSIVE;
				CLANG_WARN_UNREACHABLE_CODE = YES;
				CLANG_WARN__DUPLICATE_METHOD_MATCH = YES;
				COPY_PHASE_STRIP = NO;
				DEBUG_INFORMATION_FORMAT = "dwarf-with-dsym";
				ENABLE_NS_ASSERTIONS = NO;
				ENABLE_STRICT_OBJC_MSGSEND = YES;
				GCC_C_LANGUAGE_STANDARD = gnu11;
				GCC_NO_COMMON_BLOCKS = YES;
				GCC_WARN_64_TO_32_BIT_CONVERSION = YES;
				GCC_WARN_ABOUT_RETURN_TYPE = YES_ERROR;
				GCC_WARN_UNDECLARED_SELECTOR = YES;
				GCC_WARN_UNINITIALIZED_AUTOS = YES_AGGRESSIVE;
				GCC_WARN_UNUSED_FUNCTION = YES;
				GCC_WARN_UNUSED_VARIABLE = YES;
				IPHONEOS_DEPLOYMENT_TARGET = 14.3;
				MTL_ENABLE_DEBUG_INFO = NO;
				MTL_FAST_MATH = YES;
				SDKROOT = iphoneos;
				SWIFT_COMPILATION_MODE = wholemodule;
				SWIFT_OPTIMIZATION_LEVEL = "-O";
				VALIDATE_PRODUCT = YES;
			};
			name = Release;
		};
		6357A02125C0BD2F006FDCD3 /* Debug */ = {
			isa = XCBuildConfiguration;
			buildSettings = {
				ASSETCATALOG_COMPILER_APPICON_NAME = AppIcon;
				ASSETCATALOG_COMPILER_GLOBAL_ACCENT_COLOR_NAME = AccentColor;
				CODE_SIGN_STYLE = Automatic;
				DEVELOPMENT_TEAM = 2G876RW9RP;
				INFOPLIST_FILE = GiphySearchApp/Info.plist;
				IPHONEOS_DEPLOYMENT_TARGET = 13.0;
				LD_RUNPATH_SEARCH_PATHS = (
					"$(inherited)",
					"@executable_path/Frameworks",
				);
				PRODUCT_BUNDLE_IDENTIFIER = net.elmadigital.GiphySearchApp;
				PRODUCT_NAME = "$(TARGET_NAME)";
				SWIFT_VERSION = 5.0;
				TARGETED_DEVICE_FAMILY = "1,2";
			};
			name = Debug;
		};
		6357A02225C0BD2F006FDCD3 /* Release */ = {
			isa = XCBuildConfiguration;
			buildSettings = {
				ASSETCATALOG_COMPILER_APPICON_NAME = AppIcon;
				ASSETCATALOG_COMPILER_GLOBAL_ACCENT_COLOR_NAME = AccentColor;
				CODE_SIGN_STYLE = Automatic;
				DEVELOPMENT_TEAM = 2G876RW9RP;
				INFOPLIST_FILE = GiphySearchApp/Info.plist;
				IPHONEOS_DEPLOYMENT_TARGET = 13.0;
				LD_RUNPATH_SEARCH_PATHS = (
					"$(inherited)",
					"@executable_path/Frameworks",
				);
				PRODUCT_BUNDLE_IDENTIFIER = net.elmadigital.GiphySearchApp;
				PRODUCT_NAME = "$(TARGET_NAME)";
				SWIFT_VERSION = 5.0;
				TARGETED_DEVICE_FAMILY = "1,2";
			};
			name = Release;
		};
		6357A02425C0BD2F006FDCD3 /* Debug */ = {
			isa = XCBuildConfiguration;
			buildSettings = {
				ALWAYS_EMBED_SWIFT_STANDARD_LIBRARIES = YES;
				BUNDLE_LOADER = "$(TEST_HOST)";
				CODE_SIGN_STYLE = Automatic;
				DEVELOPMENT_TEAM = 2G876RW9RP;
				INFOPLIST_FILE = GiphySearchAppTests/Info.plist;
				IPHONEOS_DEPLOYMENT_TARGET = 14.3;
				LD_RUNPATH_SEARCH_PATHS = (
					"$(inherited)",
					"@executable_path/Frameworks",
					"@loader_path/Frameworks",
				);
				PRODUCT_BUNDLE_IDENTIFIER = net.elmadigital.GiphySearchAppTests;
				PRODUCT_NAME = "$(TARGET_NAME)";
				SWIFT_VERSION = 5.0;
				TARGETED_DEVICE_FAMILY = "1,2";
				TEST_HOST = "$(BUILT_PRODUCTS_DIR)/GiphySearchApp.app/GiphySearchApp";
			};
			name = Debug;
		};
		6357A02525C0BD2F006FDCD3 /* Release */ = {
			isa = XCBuildConfiguration;
			buildSettings = {
				ALWAYS_EMBED_SWIFT_STANDARD_LIBRARIES = YES;
				BUNDLE_LOADER = "$(TEST_HOST)";
				CODE_SIGN_STYLE = Automatic;
				DEVELOPMENT_TEAM = 2G876RW9RP;
				INFOPLIST_FILE = GiphySearchAppTests/Info.plist;
				IPHONEOS_DEPLOYMENT_TARGET = 14.3;
				LD_RUNPATH_SEARCH_PATHS = (
					"$(inherited)",
					"@executable_path/Frameworks",
					"@loader_path/Frameworks",
				);
				PRODUCT_BUNDLE_IDENTIFIER = net.elmadigital.GiphySearchAppTests;
				PRODUCT_NAME = "$(TARGET_NAME)";
				SWIFT_VERSION = 5.0;
				TARGETED_DEVICE_FAMILY = "1,2";
				TEST_HOST = "$(BUILT_PRODUCTS_DIR)/GiphySearchApp.app/GiphySearchApp";
			};
			name = Release;
		};
		6357A02725C0BD2F006FDCD3 /* Debug */ = {
			isa = XCBuildConfiguration;
			buildSettings = {
				ALWAYS_EMBED_SWIFT_STANDARD_LIBRARIES = YES;
				CODE_SIGN_STYLE = Automatic;
				DEVELOPMENT_TEAM = 2G876RW9RP;
				INFOPLIST_FILE = GiphySearchAppUITests/Info.plist;
				LD_RUNPATH_SEARCH_PATHS = (
					"$(inherited)",
					"@executable_path/Frameworks",
					"@loader_path/Frameworks",
				);
				PRODUCT_BUNDLE_IDENTIFIER = net.elmadigital.GiphySearchAppUITests;
				PRODUCT_NAME = "$(TARGET_NAME)";
				SWIFT_VERSION = 5.0;
				TARGETED_DEVICE_FAMILY = "1,2";
				TEST_TARGET_NAME = GiphySearchApp;
			};
			name = Debug;
		};
		6357A02825C0BD2F006FDCD3 /* Release */ = {
			isa = XCBuildConfiguration;
			buildSettings = {
				ALWAYS_EMBED_SWIFT_STANDARD_LIBRARIES = YES;
				CODE_SIGN_STYLE = Automatic;
				DEVELOPMENT_TEAM = 2G876RW9RP;
				INFOPLIST_FILE = GiphySearchAppUITests/Info.plist;
				LD_RUNPATH_SEARCH_PATHS = (
					"$(inherited)",
					"@executable_path/Frameworks",
					"@loader_path/Frameworks",
				);
				PRODUCT_BUNDLE_IDENTIFIER = net.elmadigital.GiphySearchAppUITests;
				PRODUCT_NAME = "$(TARGET_NAME)";
				SWIFT_VERSION = 5.0;
				TARGETED_DEVICE_FAMILY = "1,2";
				TEST_TARGET_NAME = GiphySearchApp;
			};
			name = Release;
		};
/* End XCBuildConfiguration section */

/* Begin XCConfigurationList section */
		63579FF125C0BD2C006FDCD3 /* Build configuration list for PBXProject "GiphySearchApp" */ = {
			isa = XCConfigurationList;
			buildConfigurations = (
				6357A01E25C0BD2F006FDCD3 /* Debug */,
				6357A01F25C0BD2F006FDCD3 /* Release */,
			);
			defaultConfigurationIsVisible = 0;
			defaultConfigurationName = Release;
		};
		6357A02025C0BD2F006FDCD3 /* Build configuration list for PBXNativeTarget "GiphySearchApp" */ = {
			isa = XCConfigurationList;
			buildConfigurations = (
				6357A02125C0BD2F006FDCD3 /* Debug */,
				6357A02225C0BD2F006FDCD3 /* Release */,
			);
			defaultConfigurationIsVisible = 0;
			defaultConfigurationName = Release;
		};
		6357A02325C0BD2F006FDCD3 /* Build configuration list for PBXNativeTarget "GiphySearchAppTests" */ = {
			isa = XCConfigurationList;
			buildConfigurations = (
				6357A02425C0BD2F006FDCD3 /* Debug */,
				6357A02525C0BD2F006FDCD3 /* Release */,
			);
			defaultConfigurationIsVisible = 0;
			defaultConfigurationName = Release;
		};
		6357A02625C0BD2F006FDCD3 /* Build configuration list for PBXNativeTarget "GiphySearchAppUITests" */ = {
			isa = XCConfigurationList;
			buildConfigurations = (
				6357A02725C0BD2F006FDCD3 /* Debug */,
				6357A02825C0BD2F006FDCD3 /* Release */,
			);
			defaultConfigurationIsVisible = 0;
			defaultConfigurationName = Release;
		};
/* End XCConfigurationList section */
	};
	rootObject = 63579FEE25C0BD2C006FDCD3 /* Project object */;
}
